
Microsoft Visual Studio Solution File, Format Version 12.00
# Visual Studio Version 17
VisualStudioVersion = 17.8.34511.84
MinimumVisualStudioVersion = 10.0.40219.1
Project("{FAE04EC0-301F-11D3-BF4B-00C04F79EFBC}") = "QuadrantWebForm", "QuadrantWebForm\QuadrantWebForm.csproj", "{9236E1A3-5BF4-4A45-B831-0BB30DF3BDB2}"
EndProject
Global
	GlobalSection(SolutionConfigurationPlatforms) = preSolution
		Debug|Any CPU = Debug|Any CPU
		Release|Any CPU = Release|Any CPU
	EndGlobalSection
	GlobalSection(ProjectConfigurationPlatforms) = postSolution
		{9236E1A3-5BF4-4A45-B831-0BB30DF3BDB2}.Debug|Any CPU.ActiveCfg = Debug|Any CPU
		{9236E1A3-5BF4-4A45-B831-0BB30DF3BDB2}.Debug|Any CPU.Build.0 = Debug|Any CPU
		{9236E1A3-5BF4-4A45-B831-0BB30DF3BDB2}.Release|Any CPU.ActiveCfg = Release|Any CPU
		{9236E1A3-5BF4-4A45-B831-0BB30DF3BDB2}.Release|Any CPU.Build.0 = Release|Any CPU
	EndGlobalSection
	GlobalSection(SolutionProperties) = preSolution
		HideSolutionNode = FALSE
	EndGlobalSection
	GlobalSection(ExtensibilityGlobals) = postSolution
		SolutionGuid = {62DB0D4F-88AF-422A-B8DC-5FC379FCB3AF}
	EndGlobalSection
EndGlobal
